{
  "version": "5",
  "specifiers": {
    "npm:@hono/node-server@~1.19.14": "1.19.14_hono@4.12.18",
    "npm:hono@~4.12.18": "4.12.18"
  },
  "npm": {
    "@hono/node-server@1.19.14_hono@4.12.18": {
      "integrity": "sha512-GwtvgtXxnWsucXvbQXkRgqksiH2Qed37H9xHZocE5sA3N8O8O8/8FA3uclQXxXVzc9XBZuEOMK7+r02FmSpHtw==",
      "dependencies": [
        "hono"
      ]
    },
    "hono@4.12.18": {
      "integrity": "sha512-RWzP96k/yv0PQfyXnWjs6zot20TqfpfsNXhOnev8d1InAxubW93L11/oNUc3tQqn2G0bSdAOBpX+2uDFHV7kdQ=="
    }
  },
  "workspace": {
    "packageJson": {
      "dependencies": [
        "npm:@hono/node-server@~1.19.14",
        "npm:hono@~4.12.18"
      ]
    }
  }
}
